
Microsoft Visual Studio Solution File, Format Version 12.00
# Visual Studio Version 16
VisualStudioVersion = 16.0.31729.503
MinimumVisualStudioVersion = 10.0.40219.1
Project("{FAE04EC0-301F-11D3-BF4B-00C04F79EFBC}") = "StrongNumber", "StrongNumber\StrongNumber.csproj", "{0799AF7A-F4DA-47EA-BB9C-775EF0F7C544}"
EndProject
Global
	GlobalSection(SolutionConfigurationPlatforms) = preSolution
		Debug|Any CPU = Debug|Any CPU
		Release|Any CPU = Release|Any CPU
	EndGlobalSection
	GlobalSection(ProjectConfigurationPlatforms) = postSolution
		{0799AF7A-F4DA-47EA-BB9C-775EF0F7C544}.Debug|Any CPU.ActiveCfg = Debug|Any CPU
		{0799AF7A-F4DA-47EA-BB9C-775EF0F7C544}.Debug|Any CPU.Build.0 = Debug|Any CPU
		{0799AF7A-F4DA-47EA-BB9C-775EF0F7C544}.Release|Any CPU.ActiveCfg = Release|Any CPU
		{0799AF7A-F4DA-47EA-BB9C-775EF0F7C544}.Release|Any CPU.Build.0 = Release|Any CPU
	EndGlobalSection
	GlobalSection(SolutionProperties) = preSolution
		HideSolutionNode = FALSE
	EndGlobalSection
	GlobalSection(ExtensibilityGlobals) = postSolution
		SolutionGuid = {403B68D1-2D42-4E09-9C34-23A33936B100}
	EndGlobalSection
EndGlobal
